
Microsoft Visual Studio Solution File, Format Version 12.00
# Visual Studio 15
VisualStudioVersion = 15.0.27128.1
MinimumVisualStudioVersion = 10.0.40219.1
Project("{2150E333-8FDC-42A3-9474-1A3956D46DE8}") = "Tests", "Tests", "{5F9D56CE-CDBF-4471-9359-BC0B0BA5EA13}"
EndProject
Project("{2150E333-8FDC-42A3-9474-1A3956D46DE8}") = "Clients", "Clients", "{9D9F2BF1-6C66-4DCB-8191-1D6335CBA0FB}"
EndProject
Project("{9A19103F-16F7-4668-BE54-9A1E7A4F7556}") = "Aggrex.Common", "src\Aggrex.Common\Aggrex.Common.csproj", "{1D652181-4EBE-49C2-926D-6A66F24E5F00}"
EndProject
Project("{9A19103F-16F7-4668-BE54-9A1E7A4F7556}") = "Aggrex.ConsensusProtocol", "src\Aggrex.ConsensusProtocol\Aggrex.ConsensusProtocol\Aggrex.ConsensusProtocol.csproj", "{C359F2F2-A616-4F21-A75D-EB49FAB987EF}"
EndProject
Project("{9A19103F-16F7-4668-BE54-9A1E7A4F7556}") = "Aggrex.Network", "src\Aggrex.Network\Aggrex.Network.csproj", "{E879895A-30B1-4FB4-9F08-A9269D13E55F}"
EndProject
Project("{9A19103F-16F7-4668-BE54-9A1E7A4F7556}") = "Aggrex.Configuration", "src\Aggrex.Configuration\Aggrex.Configuration\Aggrex.Configuration.csproj", "{91A1E4F8-64C8-4437-AE3D-1A30B1D94EBF}"
EndProject
Project("{9A19103F-16F7-4668-BE54-9A1E7A4F7556}") = "Aggrex.Application", "src\Aggrex.Application\Aggrex.Application.csproj", "{D9DF650B-A621-481F-B417-A89032CC67D3}"
EndProject
Project("{9A19103F-16F7-4668-BE54-9A1E7A4F7556}") = "Aggrex.Database", "src\Aggrex.Database\Aggrex.Database.csproj", "{572C18D0-A1DE-4179-9CE2-019606449D68}"
EndProject
Project("{9A19103F-16F7-4668-BE54-9A1E7A4F7556}") = "Aggrex.Database.LiteDB", "src\Aggrex.Database.LiteDB\Aggrex.Database.LiteDB.csproj", "{85C4E101-342E-4670-97F1-2B3A6051F226}"
EndProject
Project("{9A19103F-16F7-4668-BE54-9A1E7A4F7556}") = "Aggrex.Framework", "src\Aggrex.Framework\Aggrex.Framework.csproj", "{ADB98D2E-F041-44E1-AAAB-6F4F63EBE711}"
EndProject
Project("{FAE04EC0-301F-11D3-BF4B-00C04F79EFBC}") = "Aggrex.Logging", "src\Aggrex.Logging\Aggrex.Logging.csproj", "{68B385CD-E109-4520-8C6C-CA320B7C3801}"
EndProject
Project("{FAE04EC0-301F-11D3-BF4B-00C04F79EFBC}") = "Aggrex.RaiNode", "src\Aggrex.Clients\RaiNode\Aggrex.RaiNode\Aggrex.RaiNode.csproj", "{7BFE84B2-3D93-4AC4-9107-1675F502089D}"
EndProject
Project("{FAE04EC0-301F-11D3-BF4B-00C04F79EFBC}") = "Aggrex.Network.Tests", "src\Tests\Aggrex.Network.Tests\Aggrex.Network.Tests.csproj", "{CD0549B5-E5A5-4C92-BB1A-B898EEC1E9D9}"
EndProject
Project("{2150E333-8FDC-42A3-9474-1A3956D46DE8}") = "Libs", "Libs", "{27001E34-E905-4702-95DA-47840176FF43}"
EndProject
Project("{FAE04EC0-301F-11D3-BF4B-00C04F79EFBC}") = "Blake2Sharp", "..\Blake2b\BLAKE2\csharp\Blake2Sharp\Blake2Sharp.csproj", "{E21AB364-9130-4F14-ABE1-18FA0C089130}"
EndProject
Global
	GlobalSection(SolutionConfigurationPlatforms) = preSolution
		Debug|Any CPU = Debug|Any CPU
		Release|Any CPU = Release|Any CPU
	EndGlobalSection
	GlobalSection(ProjectConfigurationPlatforms) = postSolution
		{1D652181-4EBE-49C2-926D-6A66F24E5F00}.Debug|Any CPU.ActiveCfg = Debug|Any CPU
		{1D652181-4EBE-49C2-926D-6A66F24E5F00}.Debug|Any CPU.Build.0 = Debug|Any CPU
		{1D652181-4EBE-49C2-926D-6A66F24E5F00}.Release|Any CPU.ActiveCfg = Release|Any CPU
		{1D652181-4EBE-49C2-926D-6A66F24E5F00}.Release|Any CPU.Build.0 = Release|Any CPU
		{C359F2F2-A616-4F21-A75D-EB49FAB987EF}.Debug|Any CPU.ActiveCfg = Debug|Any CPU
		{C359F2F2-A616-4F21-A75D-EB49FAB987EF}.Debug|Any CPU.Build.0 = Debug|Any CPU
		{C359F2F2-A616-4F21-A75D-EB49FAB987EF}.Release|Any CPU.ActiveCfg = Release|Any CPU
		{C359F2F2-A616-4F21-A75D-EB49FAB987EF}.Release|Any CPU.Build.0 = Release|Any CPU
		{E879895A-30B1-4FB4-9F08-A9269D13E55F}.Debug|Any CPU.ActiveCfg = Debug|Any CPU
		{E879895A-30B1-4FB4-9F08-A9269D13E55F}.Debug|Any CPU.Build.0 = Debug|Any CPU
		{E879895A-30B1-4FB4-9F08-A9269D13E55F}.Release|Any CPU.ActiveCfg = Release|Any CPU
		{E879895A-30B1-4FB4-9F08-A9269D13E55F}.Release|Any CPU.Build.0 = Release|Any CPU
		{91A1E4F8-64C8-4437-AE3D-1A30B1D94EBF}.Debug|Any CPU.ActiveCfg = Debug|Any CPU
		{91A1E4F8-64C8-4437-AE3D-1A30B1D94EBF}.Debug|Any CPU.Build.0 = Debug|Any CPU
		{91A1E4F8-64C8-4437-AE3D-1A30B1D94EBF}.Release|Any CPU.ActiveCfg = Release|Any CPU
		{91A1E4F8-64C8-4437-AE3D-1A30B1D94EBF}.Release|Any CPU.Build.0 = Release|Any CPU
		{D9DF650B-A621-481F-B417-A89032CC67D3}.Debug|Any CPU.ActiveCfg = Debug|Any CPU
		{D9DF650B-A621-481F-B417-A89032CC67D3}.Debug|Any CPU.Build.0 = Debug|Any CPU
		{D9DF650B-A621-481F-B417-A89032CC67D3}.Release|Any CPU.ActiveCfg = Release|Any CPU
		{D9DF650B-A621-481F-B417-A89032CC67D3}.Release|Any CPU.Build.0 = Release|Any CPU
		{572C18D0-A1DE-4179-9CE2-019606449D68}.Debug|Any CPU.ActiveCfg = Debug|Any CPU
		{572C18D0-A1DE-4179-9CE2-019606449D68}.Debug|Any CPU.Build.0 = Debug|Any CPU
		{572C18D0-A1DE-4179-9CE2-019606449D68}.Release|Any CPU.ActiveCfg = Release|Any CPU
		{572C18D0-A1DE-4179-9CE2-019606449D68}.Release|Any CPU.Build.0 = Release|Any CPU
		{85C4E101-342E-4670-97F1-2B3A6051F226}.Debug|Any CPU.ActiveCfg = Debug|Any CPU
		{85C4E101-342E-4670-97F1-2B3A6051F226}.Debug|Any CPU.Build.0 = Debug|Any CPU
		{85C4E101-342E-4670-97F1-2B3A6051F226}.Release|Any CPU.ActiveCfg = Release|Any CPU
		{85C4E101-342E-4670-97F1-2B3A6051F226}.Release|Any CPU.Build.0 = Release|Any CPU
		{ADB98D2E-F041-44E1-AAAB-6F4F63EBE711}.Debug|Any CPU.ActiveCfg = Debug|Any CPU
		{ADB98D2E-F041-44E1-AAAB-6F4F63EBE711}.Debug|Any CPU.Build.0 = Debug|Any CPU
		{ADB98D2E-F041-44E1-AAAB-6F4F63EBE711}.Release|Any CPU.ActiveCfg = Release|Any CPU
		{ADB98D2E-F041-44E1-AAAB-6F4F63EBE711}.Release|Any CPU.Build.0 = Release|Any CPU
		{68B385CD-E109-4520-8C6C-CA320B7C3801}.Debug|Any CPU.ActiveCfg = Debug|Any CPU
		{68B385CD-E109-4520-8C6C-CA320B7C3801}.Debug|Any CPU.Build.0 = Debug|Any CPU
		{68B385CD-E109-4520-8C6C-CA320B7C3801}.Release|Any CPU.ActiveCfg = Release|Any CPU
		{68B385CD-E109-4520-8C6C-CA320B7C3801}.Release|Any CPU.Build.0 = Release|Any CPU
		{7BFE84B2-3D93-4AC4-9107-1675F502089D}.Debug|Any CPU.ActiveCfg = Debug|Any CPU
		{7BFE84B2-3D93-4AC4-9107-1675F502089D}.Debug|Any CPU.Build.0 = Debug|Any CPU
		{7BFE84B2-3D93-4AC4-9107-1675F502089D}.Release|Any CPU.ActiveCfg = Release|Any CPU
		{7BFE84B2-3D93-4AC4-9107-1675F502089D}.Release|Any CPU.Build.0 = Release|Any CPU
		{CD0549B5-E5A5-4C92-BB1A-B898EEC1E9D9}.Debug|Any CPU.ActiveCfg = Debug|Any CPU
		{CD0549B5-E5A5-4C92-BB1A-B898EEC1E9D9}.Debug|Any CPU.Build.0 = Debug|Any CPU
		{CD0549B5-E5A5-4C92-BB1A-B898EEC1E9D9}.Release|Any CPU.ActiveCfg = Release|Any CPU
		{CD0549B5-E5A5-4C92-BB1A-B898EEC1E9D9}.Release|Any CPU.Build.0 = Release|Any CPU
		{E21AB364-9130-4F14-ABE1-18FA0C089130}.Debug|Any CPU.ActiveCfg = Debug|Any CPU
		{E21AB364-9130-4F14-ABE1-18FA0C089130}.Debug|Any CPU.Build.0 = Debug|Any CPU
		{E21AB364-9130-4F14-ABE1-18FA0C089130}.Release|Any CPU.ActiveCfg = Release|Any CPU
		{E21AB364-9130-4F14-ABE1-18FA0C089130}.Release|Any CPU.Build.0 = Release|Any CPU
	EndGlobalSection
	GlobalSection(SolutionProperties) = preSolution
		HideSolutionNode = FALSE
	EndGlobalSection
	GlobalSection(NestedProjects) = preSolution
		{7BFE84B2-3D93-4AC4-9107-1675F502089D} = {9D9F2BF1-6C66-4DCB-8191-1D6335CBA0FB}
		{CD0549B5-E5A5-4C92-BB1A-B898EEC1E9D9} = {5F9D56CE-CDBF-4471-9359-BC0B0BA5EA13}
		{E21AB364-9130-4F14-ABE1-18FA0C089130} = {27001E34-E905-4702-95DA-47840176FF43}
	EndGlobalSection
	GlobalSection(ExtensibilityGlobals) = postSolution
		SolutionGuid = {9F7888B0-B352-4602-9CF8-A862DDD02705}
	EndGlobalSection
EndGlobal
